// !$*UTF8*$!
{
	archiveVersion = 1;
	classes = {
	};
	objectVersion = 56;
	objects = {

/* Begin PBXBuildFile section */
		185082B42AE979C80053CFB3 /* git_testApp.swift in Sources */ = {isa = PBXBuildFile; fileRef = 185082B32AE979C80053CFB3 /* git_testApp.swift */; };
		185082B62AE979C80053CFB3 /* ContentView.swift in Sources */ = {isa = PBXBuildFile; fileRef = 185082B52AE979C80053CFB3 /* ContentView.swift */; };
		185082B82AE979C90053CFB3 /* Assets.xcassets in Resources */ = {isa = PBXBuildFile; fileRef = 185082B72AE979C90053CFB3 /* Assets.xcassets */; };
		185082BB2AE979C90053CFB3 /* Preview Assets.xcassets in Resources */ = {isa = PBXBuildFile; fileRef = 185082BA2AE979C90053CFB3 /* Preview Assets.xcassets */; };
		185082BD2AE979C90053CFB3 /* Persistence.swift in Sources */ = {isa = PBXBuildFile; fileRef = 185082BC2AE979C90053CFB3 /* Persistence.swift */; };
		185082C02AE979C90053CFB3 /* git_test.xcdatamodeld in Sources */ = {isa = PBXBuildFile; fileRef = 185082BE2AE979C90053CFB3 /* git_test.xcdatamodeld */; };
		185082CA2AE979C90053CFB3 /* git_testTests.swift in Sources */ = {isa = PBXBuildFile; fileRef = 185082C92AE979C90053CFB3 /* git_testTests.swift */; };
		185082D42AE979C90053CFB3 /* git_testUITests.swift in Sources */ = {isa = PBXBuildFile; fileRef = 185082D32AE979C90053CFB3 /* git_testUITests.swift */; };
		185082D62AE979C90053CFB3 /* git_testUITestsLaunchTests.swift in Sources */ = {isa = PBXBuildFile; fileRef = 185082D52AE979C90053CFB3 /* git_testUITestsLaunchTests.swift */; };
/* End PBXBuildFile section */

/* Begin PBXContainerItemProxy section */
		185082C62AE979C90053CFB3 /* PBXContainerItemProxy */ = {
			isa = PBXContainerItemProxy;
			containerPortal = 185082A82AE979C80053CFB3 /* Project object */;
			proxyType = 1;
			remoteGlobalIDString = 185082AF2AE979C80053CFB3;
			remoteInfo = git_test;
		};
		185082D02AE979C90053CFB3 /* PBXContainerItemProxy */ = {
			isa = PBXContainerItemProxy;
			containerPortal = 185082A82AE979C80053CFB3 /* Project object */;
			proxyType = 1;
			remoteGlobalIDString = 185082AF2AE979C80053CFB3;
			remoteInfo = git_test;
		};
/* End PBXContainerItemProxy section */

/* Begin PBXFileReference section */
		185082B02AE979C80053CFB3 /* git_test.app */ = {isa = PBXFileReference; explicitFileType = wrapper.application; includeInIndex = 0; path = git_test.app; sourceTree = BUILT_PRODUCTS_DIR; };
		185082B32AE979C80053CFB3 /* git_testApp.swift */ = {isa = PBXFileReference; lastKnownFileType = sourcecode.swift; path = git_testApp.swift; sourceTree = "<group>"; };
		185082B52AE979C80053CFB3 /* ContentView.swift */ = {isa = PBXFileReference; lastKnownFileType = sourcecode.swift; path = ContentView.swift; sourceTree = "<group>"; };
		185082B72AE979C90053CFB3 /* Assets.xcassets */ = {isa = PBXFileReference; lastKnownFileType = folder.assetcatalog; path = Assets.xcassets; sourceTree = "<group>"; };
		185082BA2AE979C90053CFB3 /* Preview Assets.xcassets */ = {isa = PBXFileReference; lastKnownFileType = folder.assetcatalog; path = "Preview Assets.xcassets"; sourceTree = "<group>"; };
		185082BC2AE979C90053CFB3 /* Persistence.swift */ = {isa = PBXFileReference; lastKnownFileType = sourcecode.swift; path = Persistence.swift; sourceTree = "<group>"; };
		185082BF2AE979C90053CFB3 /* git_test.xcdatamodel */ = {isa = PBXFileReference; lastKnownFileType = wrapper.xcdatamodel; path = git_test.xcdatamodel; sourceTree = "<group>"; };
		185082C52AE979C90053CFB3 /* git_testTests.xctest */ = {isa = PBXFileReference; explicitFileType = wrapper.cfbundle; includeInIndex = 0; path = git_testTests.xctest; sourceTree = BUILT_PRODUCTS_DIR; };
		185082C92AE979C90053CFB3 /* git_testTests.swift */ = {isa = PBXFileReference; lastKnownFileType = sourcecode.swift; path = git_testTests.swift; sourceTree = "<group>"; };
		185082CF2AE979C90053CFB3 /* git_testUITests.xctest */ = {isa = PBXFileReference; explicitFileType = wrapper.cfbundle; includeInIndex = 0; path = git_testUITests.xctest; sourceTree = BUILT_PRODUCTS_DIR; };
		185082D32AE979C90053CFB3 /* git_testUITests.swift */ = {isa = PBXFileReference; lastKnownFileType = sourcecode.swift; path = git_testUITests.swift; sourceTree = "<group>"; };
		185082D52AE979C90053CFB3 /* git_testUITestsLaunchTests.swift */ = {isa = PBXFileReference; lastKnownFileType = sourcecode.swift; path = git_testUITestsLaunchTests.swift; sourceTree = "<group>"; };
/* End PBXFileReference section */

/* Begin PBXFrameworksBuildPhase section */
		185082AD2AE979C80053CFB3 /* Frameworks */ = {
			isa = PBXFrameworksBuildPhase;
			buildActionMask = 2147483647;
			files = (
			);
			runOnlyForDeploymentPostprocessing = 0;
		};
		185082C22AE979C90053CFB3 /* Frameworks */ = {
			isa = PBXFrameworksBuildPhase;
			buildActionMask = 2147483647;
			files = (
			);
			runOnlyForDeploymentPostprocessing = 0;
		};
		185082CC2AE979C90053CFB3 /* Frameworks */ = {
			isa = PBXFrameworksBuildPhase;
			buildActionMask = 2147483647;
			files = (
			);
			runOnlyForDeploymentPostprocessing = 0;
		};
/* End PBXFrameworksBuildPhase section */

/* Begin PBXGroup section */
		185082A72AE979C80053CFB3 = {
			isa = PBXGroup;
			children = (
				185082B22AE979C80053CFB3 /* git_test */,
				185082C82AE979C90053CFB3 /* git_testTests */,
				185082D22AE979C90053CFB3 /* git_testUITests */,
				185082B12AE979C80053CFB3 /* Products */,
			);
			sourceTree = "<group>";
		};
		185082B12AE979C80053CFB3 /* Products */ = {
			isa = PBXGroup;
			children = (
				185082B02AE979C80053CFB3 /* git_test.app */,
				185082C52AE979C90053CFB3 /* git_testTests.xctest */,
				185082CF2AE979C90053CFB3 /* git_testUITests.xctest */,
			);
			name = Products;
			sourceTree = "<group>";
		};
		185082B22AE979C80053CFB3 /* git_test */ = {
			isa = PBXGroup;
			children = (
				185082B32AE979C80053CFB3 /* git_testApp.swift */,
				185082B52AE979C80053CFB3 /* ContentView.swift */,
				185082B72AE979C90053CFB3 /* Assets.xcassets */,
				185082BC2AE979C90053CFB3 /* Persistence.swift */,
				185082BE2AE979C90053CFB3 /* git_test.xcdatamodeld */,
				185082B92AE979C90053CFB3 /* Preview Content */,
			);
			path = git_test;
			sourceTree = "<group>";
		};
		185082B92AE979C90053CFB3 /* Preview Content */ = {
			isa = PBXGroup;
			children = (
				185082BA2AE979C90053CFB3 /* Preview Assets.xcassets */,
			);
			path = "Preview Content";
			sourceTree = "<group>";
		};
		185082C82AE979C90053CFB3 /* git_testTests */ = {
			isa = PBXGroup;
			children = (
				185082C92AE979C90053CFB3 /* git_testTests.swift */,
			);
			path = git_testTests;
			sourceTree = "<group>";
		};
		185082D22AE979C90053CFB3 /* git_testUITests */ = {
			isa = PBXGroup;
			children = (
				185082D32AE979C90053CFB3 /* git_testUITests.swift */,
				185082D52AE979C90053CFB3 /* git_testUITestsLaunchTests.swift */,
			);
			path = git_testUITests;
			sourceTree = "<group>";
		};
/* End PBXGroup section */

/* Begin PBXNativeTarget section */
		185082AF2AE979C80053CFB3 /* git_test */ = {
			isa = PBXNativeTarget;
			buildConfigurationList = 185082D92AE979C90053CFB3 /* Build configuration list for PBXNativeTarget "git_test" */;
			buildPhases = (
				185082AC2AE979C80053CFB3 /* Sources */,
				185082AD2AE979C80053CFB3 /* Frameworks */,
				185082AE2AE979C80053CFB3 /* Resources */,
			);
			buildRules = (
			);
			dependencies = (
			);
			name = git_test;
			productName = git_test;
			productReference = 185082B02AE979C80053CFB3 /* git_test.app */;
			productType = "com.apple.product-type.application";
		};
		185082C42AE979C90053CFB3 /* git_testTests */ = {
			isa = PBXNativeTarget;
			buildConfigurationList = 185082DC2AE979C90053CFB3 /* Build configuration list for PBXNativeTarget "git_testTests" */;
			buildPhases = (
				185082C12AE979C90053CFB3 /* Sources */,
				185082C22AE979C90053CFB3 /* Frameworks */,
				185082C32AE979C90053CFB3 /* Resources */,
			);
			buildRules = (
			);
			dependencies = (
				185082C72AE979C90053CFB3 /* PBXTargetDependency */,
			);
			name = git_testTests;
			productName = git_testTests;
			productReference = 185082C52AE979C90053CFB3 /* git_testTests.xctest */;
			productType = "com.apple.product-type.bundle.unit-test";
		};
		185082CE2AE979C90053CFB3 /* git_testUITests */ = {
			isa = PBXNativeTarget;
			buildConfigurationList = 185082DF2AE979C90053CFB3 /* Build configuration list for PBXNativeTarget "git_testUITests" */;
			buildPhases = (
				185082CB2AE979C90053CFB3 /* Sources */,
				185082CC2AE979C90053CFB3 /* Frameworks */,
				185082CD2AE979C90053CFB3 /* Resources */,
			);
			buildRules = (
			);
			dependencies = (
				185082D12AE979C90053CFB3 /* PBXTargetDependency */,
			);
			name = git_testUITests;
			productName = git_testUITests;
			productReference = 185082CF2AE979C90053CFB3 /* git_testUITests.xctest */;
			productType = "com.apple.product-type.bundle.ui-testing";
		};
/* End PBXNativeTarget section */

/* Begin PBXProject section */
		185082A82AE979C80053CFB3 /* Project object */ = {
			isa = PBXProject;
			attributes = {
				BuildIndependentTargetsInParallel = 1;
				LastSwiftUpdateCheck = 1500;
				LastUpgradeCheck = 1500;
				TargetAttributes = {
					185082AF2AE979C80053CFB3 = {
						CreatedOnToolsVersion = 15.0.1;
					};
					185082C42AE979C90053CFB3 = {
						CreatedOnToolsVersion = 15.0.1;
						TestTargetID = 185082AF2AE979C80053CFB3;
					};
					185082CE2AE979C90053CFB3 = {
						CreatedOnToolsVersion = 15.0.1;
						TestTargetID = 185082AF2AE979C80053CFB3;
					};
				};
			};
			buildConfigurationList = 185082AB2AE979C80053CFB3 /* Build configuration list for PBXProject "git_test" */;
			compatibilityVersion = "Xcode 14.0";
			developmentRegion = en;
			hasScannedForEncodings = 0;
			knownRegions = (
				en,
				Base,
			);
			mainGroup = 185082A72AE979C80053CFB3;
			productRefGroup = 185082B12AE979C80053CFB3 /* Products */;
			projectDirPath = "";
			projectRoot = "";
			targets = (
				185082AF2AE979C80053CFB3 /* git_test */,
				185082C42AE979C90053CFB3 /* git_testTests */,
				185082CE2AE979C90053CFB3 /* git_testUITests */,
			);
		};
/* End PBXProject section */

/* Begin PBXResourcesBuildPhase section */
		185082AE2AE979C80053CFB3 /* Resources */ = {
			isa = PBXResourcesBuildPhase;
			buildActionMask = 2147483647;
			files = (
				185082BB2AE979C90053CFB3 /* Preview Assets.xcassets in Resources */,
				185082B82AE979C90053CFB3 /* Assets.xcassets in Resources */,
			);
			runOnlyForDeploymentPostprocessing = 0;
		};
		185082C32AE979C90053CFB3 /* Resources */ = {
			isa = PBXResourcesBuildPhase;
			buildActionMask = 2147483647;
			files = (
			);
			runOnlyForDeploymentPostprocessing = 0;
		};
		185082CD2AE979C90053CFB3 /* Resources */ = {
			isa = PBXResourcesBuildPhase;
			buildActionMask = 2147483647;
			files = (
			);
			runOnlyForDeploymentPostprocessing = 0;
		};
/* End PBXResourcesBuildPhase section */

/* Begin PBXSourcesBuildPhase section */
		185082AC2AE979C80053CFB3 /* Sources */ = {
			isa = PBXSourcesBuildPhase;
			buildActionMask = 2147483647;
			files = (
				185082C02AE979C90053CFB3 /* git_test.xcdatamodeld in Sources */,
				185082BD2AE979C90053CFB3 /* Persistence.swift in Sources */,
				185082B62AE979C80053CFB3 /* ContentView.swift in Sources */,
				185082B42AE979C80053CFB3 /* git_testApp.swift in Sources */,
			);
			runOnlyForDeploymentPostprocessing = 0;
		};
		185082C12AE979C90053CFB3 /* Sources */ = {
			isa = PBXSourcesBuildPhase;
			buildActionMask = 2147483647;
			files = (
				185082CA2AE979C90053CFB3 /* git_testTests.swift in Sources */,
			);
			runOnlyForDeploymentPostprocessing = 0;
		};
		185082CB2AE979C90053CFB3 /* Sources */ = {
			isa = PBXSourcesBuildPhase;
			buildActionMask = 2147483647;
			files = (
				185082D62AE979C90053CFB3 /* git_testUITestsLaunchTests.swift in Sources */,
				185082D42AE979C90053CFB3 /* git_testUITests.swift in Sources */,
			);
			runOnlyForDeploymentPostprocessing = 0;
		};
/* End PBXSourcesBuildPhase section */

/* Begin PBXTargetDependency section */
		185082C72AE979C90053CFB3 /* PBXTargetDependency */ = {
			isa = PBXTargetDependency;
			target = 185082AF2AE979C80053CFB3 /* git_test */;
			targetProxy = 185082C62AE979C90053CFB3 /* PBXContainerItemProxy */;
		};
		185082D12AE979C90053CFB3 /* PBXTargetDependency */ = {
			isa = PBXTargetDependency;
			target = 185082AF2AE979C80053CFB3 /* git_test */;
			targetProxy = 185082D02AE979C90053CFB3 /* PBXContainerItemProxy */;
		};
/* End PBXTargetDependency section */

/* Begin XCBuildConfiguration section */
		185082D72AE979C90053CFB3 /* Debug */ = {
			isa = XCBuildConfiguration;
			buildSettings = {
				ALWAYS_SEARCH_USER_PATHS = NO;
				ASSETCATALOG_COMPILER_GENERATE_SWIFT_ASSET_SYMBOL_EXTENSIONS = YES;
				CLANG_ANALYZER_NONNULL = YES;
				CLANG_ANALYZER_NUMBER_OBJECT_CONVERSION = YES_AGGRESSIVE;
				CLANG_CXX_LANGUAGE_STANDARD = "gnu++20";
				CLANG_ENABLE_MODULES = YES;
				CLANG_ENABLE_OBJC_ARC = YES;
				CLANG_ENABLE_OBJC_WEAK = YES;
				CLANG_WARN_BLOCK_CAPTURE_AUTORELEASING = YES;
				CLANG_WARN_BOOL_CONVERSION = YES;
				CLANG_WARN_COMMA = YES;
				CLANG_WARN_CONSTANT_CONVERSION = YES;
				CLANG_WARN_DEPRECATED_OBJC_IMPLEMENTATIONS = YES;
				CLANG_WARN_DIRECT_OBJC_ISA_USAGE = YES_ERROR;
				CLANG_WARN_DOCUMENTATION_COMMENTS = YES;
				CLANG_WARN_EMPTY_BODY = YES;
				CLANG_WARN_ENUM_CONVERSION = YES;
				CLANG_WARN_INFINITE_RECURSION = YES;
				CLANG_WARN_INT_CONVERSION = YES;
				CLANG_WARN_NON_LITERAL_NULL_CONVERSION = YES;
				CLANG_WARN_OBJC_IMPLICIT_RETAIN_SELF = YES;
				CLANG_WARN_OBJC_LITERAL_CONVERSION = YES;
				CLANG_WARN_OBJC_ROOT_CLASS = YES_ERROR;
				CLANG_WARN_QUOTED_INCLUDE_IN_FRAMEWORK_HEADER = YES;
				CLANG_WARN_RANGE_LOOP_ANALYSIS = YES;
				CLANG_WARN_STRICT_PROTOTYPES = YES;
				CLANG_WARN_SUSPICIOUS_MOVE = YES;
				CLANG_WARN_UNGUARDED_AVAILABILITY = YES_AGGRESSIVE;
				CLANG_WARN_UNREACHABLE_CODE = YES;
				CLANG_WARN__DUPLICATE_METHOD_MATCH = YES;
				COPY_PHASE_STRIP = NO;
				DEBUG_INFORMATION_FORMAT = dwarf;
				ENABLE_STRICT_OBJC_MSGSEND = YES;
				ENABLE_TESTABILITY = YES;
				ENABLE_USER_SCRIPT_SANDBOXING = YES;
				GCC_C_LANGUAGE_STANDARD = gnu17;
				GCC_DYNAMIC_NO_PIC = NO;
				GCC_NO_COMMON_BLOCKS = YES;
				GCC_OPTIMIZATION_LEVEL = 0;
				GCC_PREPROCESSOR_DEFINITIONS = (
					"DEBUG=1",
					"$(inherited)",
				);
				GCC_WARN_64_TO_32_BIT_CONVERSION = YES;
				GCC_WARN_ABOUT_RETURN_TYPE = YES_ERROR;
				GCC_WARN_UNDECLARED_SELECTOR = YES;
				GCC_WARN_UNINITIALIZED_AUTOS = YES_AGGRESSIVE;
				GCC_WARN_UNUSED_FUNCTION = YES;
				GCC_WARN_UNUSED_VARIABLE = YES;
				IPHONEOS_DEPLOYMENT_TARGET = 17.0;
				LOCALIZATION_PREFERS_STRING_CATALOGS = YES;
				MTL_ENABLE_DEBUG_INFO = INCLUDE_SOURCE;
				MTL_FAST_MATH = YES;
				ONLY_ACTIVE_ARCH = YES;
				SDKROOT = iphoneos;
				SWIFT_ACTIVE_COMPILATION_CONDITIONS = "DEBUG $(inherited)";
				SWIFT_OPTIMIZATION_LEVEL = "-Onone";
			};
			name = Debug;
		};
		185082D82AE979C90053CFB3 /* Release */ = {
			isa = XCBuildConfiguration;
			buildSettings = {
				ALWAYS_SEARCH_USER_PATHS = NO;
				ASSETCATALOG_COMPILER_GENERATE_SWIFT_ASSET_SYMBOL_EXTENSIONS = YES;
				CLANG_ANALYZER_NONNULL = YES;
				CLANG_ANALYZER_NUMBER_OBJECT_CONVERSION = YES_AGGRESSIVE;
				CLANG_CXX_LANGUAGE_STANDARD = "gnu++20";
				CLANG_ENABLE_MODULES = YES;
				CLANG_ENABLE_OBJC_ARC = YES;
				CLANG_ENABLE_OBJC_WEAK = YES;
				CLANG_WARN_BLOCK_CAPTURE_AUTORELEASING = YES;
				CLANG_WARN_BOOL_CONVERSION = YES;
				CLANG_WARN_COMMA = YES;
				CLANG_WARN_CONSTANT_CONVERSION = YES;
				CLANG_WARN_DEPRECATED_OBJC_IMPLEMENTATIONS = YES;
				CLANG_WARN_DIRECT_OBJC_ISA_USAGE = YES_ERROR;
				CLANG_WARN_DOCUMENTATION_COMMENTS = YES;
				CLANG_WARN_EMPTY_BODY = YES;
				CLANG_WARN_ENUM_CONVERSION = YES;
				CLANG_WARN_INFINITE_RECURSION = YES;
				CLANG_WARN_INT_CONVERSION = YES;
				CLANG_WARN_NON_LITERAL_NULL_CONVERSION = YES;
				CLANG_WARN_OBJC_IMPLICIT_RETAIN_SELF = YES;
				CLANG_WARN_OBJC_LITERAL_CONVERSION = YES;
				CLANG_WARN_OBJC_ROOT_CLASS = YES_ERROR;
				CLANG_WARN_QUOTED_INCLUDE_IN_FRAMEWORK_HEADER = YES;
				CLANG_WARN_RANGE_LOOP_ANALYSIS = YES;
				CLANG_WARN_STRICT_PROTOTYPES = YES;
				CLANG_WARN_SUSPICIOUS_MOVE = YES;
				CLANG_WARN_UNGUARDED_AVAILABILITY = YES_AGGRESSIVE;
				CLANG_WARN_UNREACHABLE_CODE = YES;
				CLANG_WARN__DUPLICATE_METHOD_MATCH = YES;
				COPY_PHASE_STRIP = NO;
				DEBUG_INFORMATION_FORMAT = "dwarf-with-dsym";
				ENABLE_NS_ASSERTIONS = NO;
				ENABLE_STRICT_OBJC_MSGSEND = YES;
				ENABLE_USER_SCRIPT_SANDBOXING = YES;
				GCC_C_LANGUAGE_STANDARD = gnu17;
				GCC_NO_COMMON_BLOCKS = YES;
				GCC_WARN_64_TO_32_BIT_CONVERSION = YES;
				GCC_WARN_ABOUT_RETURN_TYPE = YES_ERROR;
				GCC_WARN_UNDECLARED_SELECTOR = YES;
				GCC_WARN_UNINITIALIZED_AUTOS = YES_AGGRESSIVE;
				GCC_WARN_UNUSED_FUNCTION = YES;
				GCC_WARN_UNUSED_VARIABLE = YES;
				IPHONEOS_DEPLOYMENT_TARGET = 17.0;
				LOCALIZATION_PREFERS_STRING_CATALOGS = YES;
				MTL_ENABLE_DEBUG_INFO = NO;
				MTL_FAST_MATH = YES;
				SDKROOT = iphoneos;
				SWIFT_COMPILATION_MODE = wholemodule;
				VALIDATE_PRODUCT = YES;
			};
			name = Release;
		};
		185082DA2AE979C90053CFB3 /* Debug */ = {
			isa = XCBuildConfiguration;
			buildSettings = {
				ASSETCATALOG_COMPILER_APPICON_NAME = AppIcon;
				ASSETCATALOG_COMPILER_GLOBAL_ACCENT_COLOR_NAME = AccentColor;
				CODE_SIGN_STYLE = Automatic;
				CURRENT_PROJECT_VERSION = 1;
				DEVELOPMENT_ASSET_PATHS = "\"git_test/Preview Content\"";
				DEVELOPMENT_TEAM = WNT6T8D9VR;
				ENABLE_PREVIEWS = YES;
				GENERATE_INFOPLIST_FILE = YES;
				INFOPLIST_KEY_UIApplicationSceneManifest_Generation = YES;
				INFOPLIST_KEY_UIApplicationSupportsIndirectInputEvents = YES;
				INFOPLIST_KEY_UILaunchScreen_Generation = YES;
				INFOPLIST_KEY_UISupportedInterfaceOrientations_iPad = "UIInterfaceOrientationPortrait UIInterfaceOrientationPortraitUpsideDown UIInterfaceOrientationLandscapeLeft UIInterfaceOrientationLandscapeRight";
				INFOPLIST_KEY_UISupportedInterfaceOrientations_iPhone = "UIInterfaceOrientationPortrait UIInterfaceOrientationLandscapeLeft UIInterfaceOrientationLandscapeRight";
				LD_RUNPATH_SEARCH_PATHS = (
					"$(inherited)",
					"@executable_path/Frameworks",
				);
				MARKETING_VERSION = 1.0;
				PRODUCT_BUNDLE_IDENTIFIER = "com.SammyPark.git-test";
				PRODUCT_NAME = "$(TARGET_NAME)";
				SWIFT_EMIT_LOC_STRINGS = YES;
				SWIFT_VERSION = 5.0;
				TARGETED_DEVICE_FAMILY = "1,2";
			};
			name = Debug;
		};
		185082DB2AE979C90053CFB3 /* Release */ = {
			isa = XCBuildConfiguration;
			buildSettings = {
				ASSETCATALOG_COMPILER_APPICON_NAME = AppIcon;
				ASSETCATALOG_COMPILER_GLOBAL_ACCENT_COLOR_NAME = AccentColor;
				CODE_SIGN_STYLE = Automatic;
				CURRENT_PROJECT_VERSION = 1;
				DEVELOPMENT_ASSET_PATHS = "\"git_test/Preview Content\"";
				DEVELOPMENT_TEAM = WNT6T8D9VR;
				ENABLE_PREVIEWS = YES;
				GENERATE_INFOPLIST_FILE = YES;
				INFOPLIST_KEY_UIApplicationSceneManifest_Generation = YES;
				INFOPLIST_KEY_UIApplicationSupportsIndirectInputEvents = YES;
				INFOPLIST_KEY_UILaunchScreen_Generation = YES;
				INFOPLIST_KEY_UISupportedInterfaceOrientations_iPad = "UIInterfaceOrientationPortrait UIInterfaceOrientationPortraitUpsideDown UIInterfaceOrientationLandscapeLeft UIInterfaceOrientationLandscapeRight";
				INFOPLIST_KEY_UISupportedInterfaceOrientations_iPhone = "UIInterfaceOrientationPortrait UIInterfaceOrientationLandscapeLeft UIInterfaceOrientationLandscapeRight";
				LD_RUNPATH_SEARCH_PATHS = (
					"$(inherited)",
					"@executable_path/Frameworks",
				);
				MARKETING_VERSION = 1.0;
				PRODUCT_BUNDLE_IDENTIFIER = "com.SammyPark.git-test";
				PRODUCT_NAME = "$(TARGET_NAME)";
				SWIFT_EMIT_LOC_STRINGS = YES;
				SWIFT_VERSION = 5.0;
				TARGETED_DEVICE_FAMILY = "1,2";
			};
			name = Release;
		};
		185082DD2AE979C90053CFB3 /* Debug */ = {
			isa = XCBuildConfiguration;
			buildSettings = {
				ALWAYS_EMBED_SWIFT_STANDARD_LIBRARIES = YES;
				BUNDLE_LOADER = "$(TEST_HOST)";
				CODE_SIGN_STYLE = Automatic;
				CURRENT_PROJECT_VERSION = 1;
				DEVELOPMENT_TEAM = WNT6T8D9VR;
				GENERATE_INFOPLIST_FILE = YES;
				IPHONEOS_DEPLOYMENT_TARGET = 17.0;
				MARKETING_VERSION = 1.0;
				PRODUCT_BUNDLE_IDENTIFIER = "com.SammyPark.git-testTests";
				PRODUCT_NAME = "$(TARGET_NAME)";
				SWIFT_EMIT_LOC_STRINGS = NO;
				SWIFT_VERSION = 5.0;
				TARGETED_DEVICE_FAMILY = "1,2";
				TEST_HOST = "$(BUILT_PRODUCTS_DIR)/git_test.app/$(BUNDLE_EXECUTABLE_FOLDER_PATH)/git_test";
			};
			name = Debug;
		};
		185082DE2AE979C90053CFB3 /* Release */ = {
			isa = XCBuildConfiguration;
			buildSettings = {
				ALWAYS_EMBED_SWIFT_STANDARD_LIBRARIES = YES;
				BUNDLE_LOADER = "$(TEST_HOST)";
				CODE_SIGN_STYLE = Automatic;
				CURRENT_PROJECT_VERSION = 1;
				DEVELOPMENT_TEAM = WNT6T8D9VR;
				GENERATE_INFOPLIST_FILE = YES;
				IPHONEOS_DEPLOYMENT_TARGET = 17.0;
				MARKETING_VERSION = 1.0;
				PRODUCT_BUNDLE_IDENTIFIER = "com.SammyPark.git-testTests";
				PRODUCT_NAME = "$(TARGET_NAME)";
				SWIFT_EMIT_LOC_STRINGS = NO;
				SWIFT_VERSION = 5.0;
				TARGETED_DEVICE_FAMILY = "1,2";
				TEST_HOST = "$(BUILT_PRODUCTS_DIR)/git_test.app/$(BUNDLE_EXECUTABLE_FOLDER_PATH)/git_test";
			};
			name = Release;
		};
		185082E02AE979C90053CFB3 /* Debug */ = {
			isa = XCBuildConfiguration;
			buildSettings = {
				ALWAYS_EMBED_SWIFT_STANDARD_LIBRARIES = YES;
				CODE_SIGN_STYLE = Automatic;
				CURRENT_PROJECT_VERSION = 1;
				DEVELOPMENT_TEAM = WNT6T8D9VR;
				GENERATE_INFOPLIST_FILE = YES;
				MARKETING_VERSION = 1.0;
				PRODUCT_BUNDLE_IDENTIFIER = "com.SammyPark.git-testUITests";
				PRODUCT_NAME = "$(TARGET_NAME)";
				SWIFT_EMIT_LOC_STRINGS = NO;
				SWIFT_VERSION = 5.0;
				TARGETED_DEVICE_FAMILY = "1,2";
				TEST_TARGET_NAME = git_test;
			};
			name = Debug;
		};
		185082E12AE979C90053CFB3 /* Release */ = {
			isa = XCBuildConfiguration;
			buildSettings = {
				ALWAYS_EMBED_SWIFT_STANDARD_LIBRARIES = YES;
				CODE_SIGN_STYLE = Automatic;
				CURRENT_PROJECT_VERSION = 1;
				DEVELOPMENT_TEAM = WNT6T8D9VR;
				GENERATE_INFOPLIST_FILE = YES;
				MARKETING_VERSION = 1.0;
				PRODUCT_BUNDLE_IDENTIFIER = "com.SammyPark.git-testUITests";
				PRODUCT_NAME = "$(TARGET_NAME)";
				SWIFT_EMIT_LOC_STRINGS = NO;
				SWIFT_VERSION = 5.0;
				TARGETED_DEVICE_FAMILY = "1,2";
				TEST_TARGET_NAME = git_test;
			};
			name = Release;
		};
/* End XCBuildConfiguration section */

/* Begin XCConfigurationList section */
		185082AB2AE979C80053CFB3 /* Build configuration list for PBXProject "git_test" */ = {
			isa = XCConfigurationList;
			buildConfigurations = (
				185082D72AE979C90053CFB3 /* Debug */,
				185082D82AE979C90053CFB3 /* Release */,
			);
			defaultConfigurationIsVisible = 0;
			defaultConfigurationName = Release;
		};
		185082D92AE979C90053CFB3 /* Build configuration list for PBXNativeTarget "git_test" */ = {
			isa = XCConfigurationList;
			buildConfigurations = (
				185082DA2AE979C90053CFB3 /* Debug */,
				185082DB2AE979C90053CFB3 /* Release */,
			);
			defaultConfigurationIsVisible = 0;
			defaultConfigurationName = Release;
		};
		185082DC2AE979C90053CFB3 /* Build configuration list for PBXNativeTarget "git_testTests" */ = {
			isa = XCConfigurationList;
			buildConfigurations = (
				185082DD2AE979C90053CFB3 /* Debug */,
				185082DE2AE979C90053CFB3 /* Release */,
			);
			defaultConfigurationIsVisible = 0;
			defaultConfigurationName = Release;
		};
		185082DF2AE979C90053CFB3 /* Build configuration list for PBXNativeTarget "git_testUITests" */ = {
			isa = XCConfigurationList;
			buildConfigurations = (
				185082E02AE979C90053CFB3 /* Debug */,
				185082E12AE979C90053CFB3 /* Release */,
			);
			defaultConfigurationIsVisible = 0;
			defaultConfigurationName = Release;
		};
/* End XCConfigurationList section */

/* Begin XCVersionGroup section */
		185082BE2AE979C90053CFB3 /* git_test.xcdatamodeld */ = {
			isa = XCVersionGroup;
			children = (
				185082BF2AE979C90053CFB3 /* git_test.xcdatamodel */,
			);
			currentVersion = 185082BF2AE979C90053CFB3 /* git_test.xcdatamodel */;
			path = git_test.xcdatamodeld;
			sourceTree = "<group>";
			versionGroupType = wrapper.xcdatamodel;
		};
/* End XCVersionGroup section */
	};
	rootObject = 185082A82AE979C80053CFB3 /* Project object */;
}
